PODS:
  - Flutter (1.0.0)
  - image_picker_ios (0.0.1):
    - Flutter
  - integration_test (0.0.1):
    - Flutter
  - ultralytics_yolo (0.0.4):
    - Flutter

DEPENDENCIES:
  - Flutter (from `Flutter`)
  - image_picker_ios (from `.symlinks/plugins/image_picker_ios/ios`)
  - integration_test (from `.symlinks/plugins/integration_test/ios`)
  - ultralytics_yolo (from `.symlinks/plugins/ultralytics_yolo/ios`)

EXTERNAL SOURCES:
  Flutter:
    :path: Flutter
  image_picker_ios:
    :path: ".symlinks/plugins/image_picker_ios/ios"
  integration_test:
    :path: ".symlinks/plugins/integration_test/ios"
  ultralytics_yolo:
    :path: ".symlinks/plugins/ultralytics_yolo/ios"

SPEC CHECKSUMS:
  Flutter: e0871f40cf51350855a761d2e70bf5af5b9b5de7
  image_picker_ios: c560581cceedb403a6ff17f2f816d7fea1421fc1
  integration_test: 252f60fa39af5e17c3aa9899d35d908a0721b573
  ultralytics_yolo: c550236eb35c549df15ce6dfca979414d7b70248

PODFILE CHECKSUM: aa0167f03b8e053ccf09114d1dcefce0c4f64aba

COCOAPODS: 1.15.2
