{
  "pins" : [
    {
      "identity" : "yolo-ios-app",
      "kind" : "remoteSourceControl",
      "location" : "https://github.com/ultralytics/yolo-ios-app.git",
      "state" : {
        "revision" : "7bb1b4b01f5f592e13c039f45b85cf8f89057dfe",
        "version" : "8.9.11"
      }
    }
  ],
  "version" : 2
}
