{
  "pins" : [
    {
      "identity" : "yolo-ios-app",
      "kind" : "remoteSourceControl",
      "location" : "https://github.com/ultralytics/yolo-ios-app.git",
      "state" : {
        "revision" : "2032fe44e6f93113497df9ffe8c5fab9e4ee1c9d",
        "version" : "8.9.10"
      }
    }
  ],
  "version" : 2
}
