{
  "pins" : [
    {
      "identity" : "yolo-ios-app",
      "kind" : "remoteSourceControl",
      "location" : "https://github.com/ultralytics/yolo-ios-app.git",
      "state" : {
        "revision" : "6df594843983c38083ef7db014a0fcd756039d2f",
        "version" : "8.9.14"
      }
    }
  ],
  "version" : 2
}
